// !$*UTF8*$!
{
	archiveVersion = 1;
	classes = {
	};
	objectVersion = 50;
	objects = {

/* Begin PBXBuildFile section */
		BF8AAE4724FC76900032C8C9 /* AppDelegate.swift in Sources */ = {isa = PBXBuildFile; fileRef = BF8AAE4624FC76900032C8C9 /* AppDelegate.swift */; };
		BF8AAE4924FC76900032C8C9 /* SceneDelegate.swift in Sources */ = {isa = PBXBuildFile; fileRef = BF8AAE4824FC76900032C8C9 /* SceneDelegate.swift */; };
		BF8AAE4B24FC76900032C8C9 /* ViewController.swift in Sources */ = {isa = PBXBuildFile; fileRef = BF8AAE4A24FC76900032C8C9 /* ViewController.swift */; };
		BF8AAE4E24FC76900032C8C9 /* Main.storyboard in Resources */ = {isa = PBXBuildFile; fileRef = BF8AAE4C24FC76900032C8C9 /* Main.storyboard */; };
		BF8AAE5024FC76920032C8C9 /* Assets.xcassets in Resources */ = {isa = PBXBuildFile; fileRef = BF8AAE4F24FC76920032C8C9 /* Assets.xcassets */; };
		BF8AAE5324FC76920032C8C9 /* LaunchScreen.storyboard in Resources */ = {isa = PBXBuildFile; fileRef = BF8AAE5124FC76920032C8C9 /* LaunchScreen.storyboard */; };
		BF8AAE5B24FC76B10032C8C9 /* TestScene.rcproject in Sources */ = {isa = PBXBuildFile; fileRef = BF8AAE5A24FC76B10032C8C9 /* TestScene.rcproject */; };
/* End PBXBuildFile section */

/* Begin PBXFileReference section */
		BF8AAE4324FC76900032C8C9 /* TestLoadScene.app */ = {isa = PBXFileReference; explicitFileType = wrapper.application; includeInIndex = 0; path = TestLoadScene.app; sourceTree = BUILT_PRODUCTS_DIR; };
		BF8AAE4624FC76900032C8C9 /* AppDelegate.swift */ = {isa = PBXFileReference; lastKnownFileType = sourcecode.swift; path = AppDelegate.swift; sourceTree = "<group>"; };
		BF8AAE4824FC76900032C8C9 /* SceneDelegate.swift */ = {isa = PBXFileReference; lastKnownFileType = sourcecode.swift; path = SceneDelegate.swift; sourceTree = "<group>"; };
		BF8AAE4A24FC76900032C8C9 /* ViewController.swift */ = {isa = PBXFileReference; lastKnownFileType = sourcecode.swift; path = ViewController.swift; sourceTree = "<group>"; };
		BF8AAE4D24FC76900032C8C9 /* Base */ = {isa = PBXFileReference; lastKnownFileType = file.storyboard; name = Base; path = Base.lproj/Main.storyboard; sourceTree = "<group>"; };
		BF8AAE4F24FC76920032C8C9 /* Assets.xcassets */ = {isa = PBXFileReference; lastKnownFileType = folder.assetcatalog; path = Assets.xcassets; sourceTree = "<group>"; };
		BF8AAE5224FC76920032C8C9 /* Base */ = {isa = PBXFileReference; lastKnownFileType = file.storyboard; name = Base; path = Base.lproj/LaunchScreen.storyboard; sourceTree = "<group>"; };
		BF8AAE5424FC76920032C8C9 /* Info.plist */ = {isa = PBXFileReference; lastKnownFileType = text.plist.xml; path = Info.plist; sourceTree = "<group>"; };
		BF8AAE5A24FC76B10032C8C9 /* TestScene.rcproject */ = {isa = PBXFileReference; lastKnownFileType = file.rcproject; path = TestScene.rcproject; sourceTree = "<group>"; };
/* End PBXFileReference section */

/* Begin PBXFrameworksBuildPhase section */
		BF8AAE4024FC76900032C8C9 /* Frameworks */ = {
			isa = PBXFrameworksBuildPhase;
			buildActionMask = 2147483647;
			files = (
			);
			runOnlyForDeploymentPostprocessing = 0;
		};
/* End PBXFrameworksBuildPhase section */

/* Begin PBXGroup section */
		BF8AAE3A24FC76900032C8C9 = {
			isa = PBXGroup;
			children = (
				BF8AAE4524FC76900032C8C9 /* TestLoadScene */,
				BF8AAE4424FC76900032C8C9 /* Products */,
			);
			sourceTree = "<group>";
		};
		BF8AAE4424FC76900032C8C9 /* Products */ = {
			isa = PBXGroup;
			children = (
				BF8AAE4324FC76900032C8C9 /* TestLoadScene.app */,
			);
			name = Products;
			sourceTree = "<group>";
		};
		BF8AAE4524FC76900032C8C9 /* TestLoadScene */ = {
			isa = PBXGroup;
			children = (
				BF8AAE5A24FC76B10032C8C9 /* TestScene.rcproject */,
				BF8AAE4624FC76900032C8C9 /* AppDelegate.swift */,
				BF8AAE4824FC76900032C8C9 /* SceneDelegate.swift */,
				BF8AAE4A24FC76900032C8C9 /* ViewController.swift */,
				BF8AAE4C24FC76900032C8C9 /* Main.storyboard */,
				BF8AAE4F24FC76920032C8C9 /* Assets.xcassets */,
				BF8AAE5124FC76920032C8C9 /* LaunchScreen.storyboard */,
				BF8AAE5424FC76920032C8C9 /* Info.plist */,
			);
			path = TestLoadScene;
			sourceTree = "<group>";
		};
/* End PBXGroup section */

/* Begin PBXNativeTarget section */
		BF8AAE4224FC76900032C8C9 /* TestLoadScene */ = {
			isa = PBXNativeTarget;
			buildConfigurationList = BF8AAE5724FC76920032C8C9 /* Build configuration list for PBXNativeTarget "TestLoadScene" */;
			buildPhases = (
				BF8AAE3F24FC76900032C8C9 /* Sources */,
				BF8AAE4024FC76900032C8C9 /* Frameworks */,
				BF8AAE4124FC76900032C8C9 /* Resources */,
			);
			buildRules = (
			);
			dependencies = (
			);
			name = TestLoadScene;
			productName = TestLoadScene;
			productReference = BF8AAE4324FC76900032C8C9 /* TestLoadScene.app */;
			productType = "com.apple.product-type.application";
		};
/* End PBXNativeTarget section */

/* Begin PBXProject section */
		BF8AAE3B24FC76900032C8C9 /* Project object */ = {
			isa = PBXProject;
			attributes = {
				LastSwiftUpdateCheck = 1160;
				LastUpgradeCheck = 1160;
				ORGANIZATIONNAME = X.x;
				TargetAttributes = {
					BF8AAE4224FC76900032C8C9 = {
						CreatedOnToolsVersion = 11.6;
					};
				};
			};
			buildConfigurationList = BF8AAE3E24FC76900032C8C9 /* Build configuration list for PBXProject "TestLoadScene" */;
			compatibilityVersion = "Xcode 9.3";
			developmentRegion = en;
			hasScannedForEncodings = 0;
			knownRegions = (
				en,
				Base,
			);
			mainGroup = BF8AAE3A24FC76900032C8C9;
			productRefGroup = BF8AAE4424FC76900032C8C9 /* Products */;
			projectDirPath = "";
			projectRoot = "";
			targets = (
				BF8AAE4224FC76900032C8C9 /* TestLoadScene */,
			);
		};
/* End PBXProject section */

/* Begin PBXResourcesBuildPhase section */
		BF8AAE4124FC76900032C8C9 /* Resources */ = {
			isa = PBXResourcesBuildPhase;
			buildActionMask = 2147483647;
			files = (
				BF8AAE5324FC76920032C8C9 /* LaunchScreen.storyboard in Resources */,
				BF8AAE5024FC76920032C8C9 /* Assets.xcassets in Resources */,
				BF8AAE4E24FC76900032C8C9 /* Main.storyboard in Resources */,
			);
			runOnlyForDeploymentPostprocessing = 0;
		};
/* End PBXResourcesBuildPhase section */

/* Begin PBXSourcesBuildPhase section */
		BF8AAE3F24FC76900032C8C9 /* Sources */ = {
			isa = PBXSourcesBuildPhase;
			buildActionMask = 2147483647;
			files = (
				BF8AAE4B24FC76900032C8C9 /* ViewController.swift in Sources */,
				BF8AAE4724FC76900032C8C9 /* AppDelegate.swift in Sources */,
				BF8AAE4924FC76900032C8C9 /* SceneDelegate.swift in Sources */,
				BF8AAE5B24FC76B10032C8C9 /* TestScene.rcproject in Sources */,
			);
			runOnlyForDeploymentPostprocessing = 0;
		};
/* End PBXSourcesBuildPhase section */

/* Begin PBXVariantGroup section */
		BF8AAE4C24FC76900032C8C9 /* Main.storyboard */ = {
			isa = PBXVariantGroup;
			children = (
				BF8AAE4D24FC76900032C8C9 /* Base */,
			);
			name = Main.storyboard;
			sourceTree = "<group>";
		};
		BF8AAE5124FC76920032C8C9 /* LaunchScreen.storyboard */ = {
			isa = PBXVariantGroup;
			children = (
				BF8AAE5224FC76920032C8C9 /* Base */,
			);
			name = LaunchScreen.storyboard;
			sourceTree = "<group>";
		};
/* End PBXVariantGroup section */

/* Begin XCBuildConfiguration section */
		BF8AAE5524FC76920032C8C9 /* Debug */ = {
			isa = XCBuildConfiguration;
			buildSettings = {
				ALWAYS_SEARCH_USER_PATHS = NO;
				CLANG_ANALYZER_NONNULL = YES;
				CLANG_ANALYZER_NUMBER_OBJECT_CONVERSION = YES_AGGRESSIVE;
				CLANG_CXX_LANGUAGE_STANDARD = "gnu++14";
				CLANG_CXX_LIBRARY = "libc++";
				CLANG_ENABLE_MODULES = YES;
				CLANG_ENABLE_OBJC_ARC = YES;
				CLANG_ENABLE_OBJC_WEAK = YES;
				CLANG_WARN_BLOCK_CAPTURE_AUTORELEASING = YES;
				CLANG_WARN_BOOL_CONVERSION = YES;
				CLANG_WARN_COMMA = YES;
				CLANG_WARN_CONSTANT_CONVERSION = YES;
				CLANG_WARN_DEPRECATED_OBJC_IMPLEMENTATIONS = YES;
				CLANG_WARN_DIRECT_OBJC_ISA_USAGE = YES_ERROR;
				CLANG_WARN_DOCUMENTATION_COMMENTS = YES;
				CLANG_WARN_EMPTY_BODY = YES;
				CLANG_WARN_ENUM_CONVERSION = YES;
				CLANG_WARN_INFINITE_RECURSION = YES;
				CLANG_WARN_INT_CONVERSION = YES;
				CLANG_WARN_NON_LITERAL_NULL_CONVERSION = YES;
				CLANG_WARN_OBJC_IMPLICIT_RETAIN_SELF = YES;
				CLANG_WARN_OBJC_LITERAL_CONVERSION = YES;
				CLANG_WARN_OBJC_ROOT_CLASS = YES_ERROR;
				CLANG_WARN_RANGE_LOOP_ANALYSIS = YES;
				CLANG_WARN_STRICT_PROTOTYPES = YES;
				CLANG_WARN_SUSPICIOUS_MOVE = YES;
				CLANG_WARN_UNGUARDED_AVAILABILITY = YES_AGGRESSIVE;
				CLANG_WARN_UNREACHABLE_CODE = YES;
				CLANG_WARN__DUPLICATE_METHOD_MATCH = YES;
				COPY_PHASE_STRIP = NO;
				DEBUG_INFORMATION_FORMAT = dwarf;
				ENABLE_STRICT_OBJC_MSGSEND = YES;
				ENABLE_TESTABILITY = YES;
				GCC_C_LANGUAGE_STANDARD = gnu11;
				GCC_DYNAMIC_NO_PIC = NO;
				GCC_NO_COMMON_BLOCKS = YES;
				GCC_OPTIMIZATION_LEVEL = 0;
				GCC_PREPROCESSOR_DEFINITIONS = (
					"DEBUG=1",
					"$(inherited)",
				);
				GCC_WARN_64_TO_32_BIT_CONVERSION = YES;
				GCC_WARN_ABOUT_RETURN_TYPE = YES_ERROR;
				GCC_WARN_UNDECLARED_SELECTOR = YES;
				GCC_WARN_UNINITIALIZED_AUTOS = YES_AGGRESSIVE;
				GCC_WARN_UNUSED_FUNCTION = YES;
				GCC_WARN_UNUSED_VARIABLE = YES;
				IPHONEOS_DEPLOYMENT_TARGET = 13.6;
				MTL_ENABLE_DEBUG_INFO = INCLUDE_SOURCE;
				MTL_FAST_MATH = YES;
				ONLY_ACTIVE_ARCH = YES;
				SDKROOT = iphoneos;
				SWIFT_ACTIVE_COMPILATION_CONDITIONS = DEBUG;
				SWIFT_OPTIMIZATION_LEVEL = "-Onone";
			};
			name = Debug;
		};
		BF8AAE5624FC76920032C8C9 /* Release */ = {
			isa = XCBuildConfiguration;
			buildSettings = {
				ALWAYS_SEARCH_USER_PATHS = NO;
				CLANG_ANALYZER_NONNULL = YES;
				CLANG_ANALYZER_NUMBER_OBJECT_CONVERSION = YES_AGGRESSIVE;
				CLANG_CXX_LANGUAGE_STANDARD = "gnu++14";
				CLANG_CXX_LIBRARY = "libc++";
				CLANG_ENABLE_MODULES = YES;
				CLANG_ENABLE_OBJC_ARC = YES;
				CLANG_ENABLE_OBJC_WEAK = YES;
				CLANG_WARN_BLOCK_CAPTURE_AUTORELEASING = YES;
				CLANG_WARN_BOOL_CONVERSION = YES;
				CLANG_WARN_COMMA = YES;
				CLANG_WARN_CONSTANT_CONVERSION = YES;
				CLANG_WARN_DEPRECATED_OBJC_IMPLEMENTATIONS = YES;
				CLANG_WARN_DIRECT_OBJC_ISA_USAGE = YES_ERROR;
				CLANG_WARN_DOCUMENTATION_COMMENTS = YES;
				CLANG_WARN_EMPTY_BODY = YES;
				CLANG_WARN_ENUM_CONVERSION = YES;
				CLANG_WARN_INFINITE_RECURSION = YES;
				CLANG_WARN_INT_CONVERSION = YES;
				CLANG_WARN_NON_LITERAL_NULL_CONVERSION = YES;
				CLANG_WARN_OBJC_IMPLICIT_RETAIN_SELF = YES;
				CLANG_WARN_OBJC_LITERAL_CONVERSION = YES;
				CLANG_WARN_OBJC_ROOT_CLASS = YES_ERROR;
				CLANG_WARN_RANGE_LOOP_ANALYSIS = YES;
				CLANG_WARN_STRICT_PROTOTYPES = YES;
				CLANG_WARN_SUSPICIOUS_MOVE = YES;
				CLANG_WARN_UNGUARDED_AVAILABILITY = YES_AGGRESSIVE;
				CLANG_WARN_UNREACHABLE_CODE = YES;
				CLANG_WARN__DUPLICATE_METHOD_MATCH = YES;
				COPY_PHASE_STRIP = NO;
				DEBUG_INFORMATION_FORMAT = "dwarf-with-dsym";
				ENABLE_NS_ASSERTIONS = NO;
				ENABLE_STRICT_OBJC_MSGSEND = YES;
				GCC_C_LANGUAGE_STANDARD = gnu11;
				GCC_NO_COMMON_BLOCKS = YES;
				GCC_WARN_64_TO_32_BIT_CONVERSION = YES;
				GCC_WARN_ABOUT_RETURN_TYPE = YES_ERROR;
				GCC_WARN_UNDECLARED_SELECTOR = YES;
				GCC_WARN_UNINITIALIZED_AUTOS = YES_AGGRESSIVE;
				GCC_WARN_UNUSED_FUNCTION = YES;
				GCC_WARN_UNUSED_VARIABLE = YES;
				IPHONEOS_DEPLOYMENT_TARGET = 13.6;
				MTL_ENABLE_DEBUG_INFO = NO;
				MTL_FAST_MATH = YES;
				SDKROOT = iphoneos;
				SWIFT_COMPILATION_MODE = wholemodule;
				SWIFT_OPTIMIZATION_LEVEL = "-O";
				VALIDATE_PRODUCT = YES;
			};
			name = Release;
		};
		BF8AAE5824FC76920032C8C9 /* Debug */ = {
			isa = XCBuildConfiguration;
			buildSettings = {
				ASSETCATALOG_COMPILER_APPICON_NAME = AppIcon;
				CODE_SIGN_STYLE = Automatic;
				INFOPLIST_FILE = TestLoadScene/Info.plist;
				LD_RUNPATH_SEARCH_PATHS = (
					"$(inherited)",
					"@executable_path/Frameworks",
				);
				PRODUCT_BUNDLE_IDENTIFIER = XXX.TestLoadScene;
				PRODUCT_NAME = "$(TARGET_NAME)";
				SWIFT_VERSION = 5.0;
				TARGETED_DEVICE_FAMILY = "1,2";
			};
			name = Debug;
		};
		BF8AAE5924FC76920032C8C9 /* Release */ = {
			isa = XCBuildConfiguration;
			buildSettings = {
				ASSETCATALOG_COMPILER_APPICON_NAME = AppIcon;
				CODE_SIGN_STYLE = Automatic;
				INFOPLIST_FILE = TestLoadScene/Info.plist;
				LD_RUNPATH_SEARCH_PATHS = (
					"$(inherited)",
					"@executable_path/Frameworks",
				);
				PRODUCT_BUNDLE_IDENTIFIER = XXX.TestLoadScene;
				PRODUCT_NAME = "$(TARGET_NAME)";
				SWIFT_VERSION = 5.0;
				TARGETED_DEVICE_FAMILY = "1,2";
			};
			name = Release;
		};
/* End XCBuildConfiguration section */

/* Begin XCConfigurationList section */
		BF8AAE3E24FC76900032C8C9 /* Build configuration list for PBXProject "TestLoadScene" */ = {
			isa = XCConfigurationList;
			buildConfigurations = (
				BF8AAE5524FC76920032C8C9 /* Debug */,
				BF8AAE5624FC76920032C8C9 /* Release */,
			);
			defaultConfigurationIsVisible = 0;
			defaultConfigurationName = Release;
		};
		BF8AAE5724FC76920032C8C9 /* Build configuration list for PBXNativeTarget "TestLoadScene" */ = {
			isa = XCConfigurationList;
			buildConfigurations = (
				BF8AAE5824FC76920032C8C9 /* Debug */,
				BF8AAE5924FC76920032C8C9 /* Release */,
			);
			defaultConfigurationIsVisible = 0;
			defaultConfigurationName = Release;
		};
/* End XCConfigurationList section */
	};
	rootObject = BF8AAE3B24FC76900032C8C9 /* Project object */;
}
